{
  "name": "2048-vk",
  "lockfileVersion": 3,
  "requires": true,
  "packages": {
    "": {
      "dependencies": {
        "@vkontakte/vk-bridge": "^2.14.2"
      }
    },
    "node_modules/@vkontakte/vk-bridge": {
      "version": "2.14.2",
      "resolved": "https://registry.npmjs.org/@vkontakte/vk-bridge/-/vk-bridge-2.14.2.tgz",
      "integrity": "sha512-npPEBw6nCLNv1vxJr7fUOsEEfglP8soOi2B2fscgE/aTxd00MF/nITzSq+LASrfSgpk/f3AtAw3CnE3Ia5E98w=="
    }
  }
}
